
Microsoft Visual Studio Solution File, Format Version 12.00
# Visual Studio Version 16
VisualStudioVersion = 16.0.31129.286
MinimumVisualStudioVersion = 10.0.40219.1
Project("{2150E333-8FDC-42A3-9474-1A3956D46DE8}") = "Services", "Services", "{A956020B-23CC-435B-8E6B-42F16601CC87}"
EndProject
Project("{2150E333-8FDC-42A3-9474-1A3956D46DE8}") = "Catalog", "Catalog", "{CB6F0E5F-E719-4140-8C2E-BFDC79D054BA}"
EndProject
Project("{9A19103F-16F7-4668-BE54-9A1E7A4F7556}") = "Catalog.API", "Services\Catalog\Catalog.API\Catalog.API.csproj", "{80F0B8A9-F24F-47B3-AEDD-AC0B787FDFDE}"
EndProject
Project("{E53339B2-1760-4266-BCC7-CA923CBCF16C}") = "docker-compose", "docker-compose.dcproj", "{21C2335E-D783-45EA-9A85-700E13D3DB25}"
EndProject
Project("{2150E333-8FDC-42A3-9474-1A3956D46DE8}") = "Basket", "Basket", "{FB79A975-0884-46E2-A3DA-00254EA63DC5}"
EndProject
Project("{9A19103F-16F7-4668-BE54-9A1E7A4F7556}") = "Basket.API", "Services\Basket\Basket.API\Basket.API.csproj", "{969E2F8D-40FF-4714-887B-ED60972602AE}"
EndProject
Project("{2150E333-8FDC-42A3-9474-1A3956D46DE8}") = "Discount", "Discount", "{339810BD-BAC6-49C2-A2FA-40510D1B1593}"
EndProject
Project("{9A19103F-16F7-4668-BE54-9A1E7A4F7556}") = "Discount.API", "Services\Discount\Discount.API\Discount.API.csproj", "{665D02C6-F049-452B-A273-C9CD3B31FBD4}"
EndProject
Project("{9A19103F-16F7-4668-BE54-9A1E7A4F7556}") = "Discount.Grpc", "Services\Discount\Discount.Grpc\Discount.Grpc.csproj", "{0284906C-2878-44E7-884B-1F2BE9BABD8F}"
EndProject
Global
	GlobalSection(SolutionConfigurationPlatforms) = preSolution
		Debug|Any CPU = Debug|Any CPU
		Release|Any CPU = Release|Any CPU
	EndGlobalSection
	GlobalSection(ProjectConfigurationPlatforms) = postSolution
		{80F0B8A9-F24F-47B3-AEDD-AC0B787FDFDE}.Debug|Any CPU.ActiveCfg = Debug|Any CPU
		{80F0B8A9-F24F-47B3-AEDD-AC0B787FDFDE}.Debug|Any CPU.Build.0 = Debug|Any CPU
		{80F0B8A9-F24F-47B3-AEDD-AC0B787FDFDE}.Release|Any CPU.ActiveCfg = Release|Any CPU
		{80F0B8A9-F24F-47B3-AEDD-AC0B787FDFDE}.Release|Any CPU.Build.0 = Release|Any CPU
		{21C2335E-D783-45EA-9A85-700E13D3DB25}.Debug|Any CPU.ActiveCfg = Debug|Any CPU
		{21C2335E-D783-45EA-9A85-700E13D3DB25}.Debug|Any CPU.Build.0 = Debug|Any CPU
		{21C2335E-D783-45EA-9A85-700E13D3DB25}.Release|Any CPU.ActiveCfg = Release|Any CPU
		{21C2335E-D783-45EA-9A85-700E13D3DB25}.Release|Any CPU.Build.0 = Release|Any CPU
		{969E2F8D-40FF-4714-887B-ED60972602AE}.Debug|Any CPU.ActiveCfg = Debug|Any CPU
		{969E2F8D-40FF-4714-887B-ED60972602AE}.Debug|Any CPU.Build.0 = Debug|Any CPU
		{969E2F8D-40FF-4714-887B-ED60972602AE}.Release|Any CPU.ActiveCfg = Release|Any CPU
		{969E2F8D-40FF-4714-887B-ED60972602AE}.Release|Any CPU.Build.0 = Release|Any CPU
		{665D02C6-F049-452B-A273-C9CD3B31FBD4}.Debug|Any CPU.ActiveCfg = Debug|Any CPU
		{665D02C6-F049-452B-A273-C9CD3B31FBD4}.Debug|Any CPU.Build.0 = Debug|Any CPU
		{665D02C6-F049-452B-A273-C9CD3B31FBD4}.Release|Any CPU.ActiveCfg = Release|Any CPU
		{665D02C6-F049-452B-A273-C9CD3B31FBD4}.Release|Any CPU.Build.0 = Release|Any CPU
		{0284906C-2878-44E7-884B-1F2BE9BABD8F}.Debug|Any CPU.ActiveCfg = Debug|Any CPU
		{0284906C-2878-44E7-884B-1F2BE9BABD8F}.Debug|Any CPU.Build.0 = Debug|Any CPU
		{0284906C-2878-44E7-884B-1F2BE9BABD8F}.Release|Any CPU.ActiveCfg = Release|Any CPU
		{0284906C-2878-44E7-884B-1F2BE9BABD8F}.Release|Any CPU.Build.0 = Release|Any CPU
	EndGlobalSection
	GlobalSection(SolutionProperties) = preSolution
		HideSolutionNode = FALSE
	EndGlobalSection
	GlobalSection(NestedProjects) = preSolution
		{CB6F0E5F-E719-4140-8C2E-BFDC79D054BA} = {A956020B-23CC-435B-8E6B-42F16601CC87}
		{80F0B8A9-F24F-47B3-AEDD-AC0B787FDFDE} = {CB6F0E5F-E719-4140-8C2E-BFDC79D054BA}
		{FB79A975-0884-46E2-A3DA-00254EA63DC5} = {A956020B-23CC-435B-8E6B-42F16601CC87}
		{969E2F8D-40FF-4714-887B-ED60972602AE} = {FB79A975-0884-46E2-A3DA-00254EA63DC5}
		{339810BD-BAC6-49C2-A2FA-40510D1B1593} = {A956020B-23CC-435B-8E6B-42F16601CC87}
		{665D02C6-F049-452B-A273-C9CD3B31FBD4} = {339810BD-BAC6-49C2-A2FA-40510D1B1593}
		{0284906C-2878-44E7-884B-1F2BE9BABD8F} = {339810BD-BAC6-49C2-A2FA-40510D1B1593}
	EndGlobalSection
	GlobalSection(ExtensibilityGlobals) = postSolution
		SolutionGuid = {D061816A-FAC9-4D98-9287-73C6751E3A90}
	EndGlobalSection
EndGlobal
